
Microsoft Visual Studio Solution File, Format Version 12.00
# Visual Studio Version 16
VisualStudioVersion = 16.0.31221.73
MinimumVisualStudioVersion = 10.0.40219.1
Project("{9A19103F-16F7-4668-BE54-9A1E7A4F7556}") = "FloatingGlucose", "FloatingGlucose\FloatingGlucose.csproj", "{8D044F87-547D-4E76-8A67-3225DB984C63}"
EndProject
Project("{9A19103F-16F7-4668-BE54-9A1E7A4F7556}") = "ShareClientDotNet", "ShareClientDotNet\ShareClientDotNet.csproj", "{2AD02968-E7EA-4989-8BD8-FAD6A31C0072}"
EndProject
Project("{9A19103F-16F7-4668-BE54-9A1E7A4F7556}") = "ChartWin", "winforms-datavisualization-net5\src\System.Windows.Forms.DataVisualization\ChartWin.csproj", "{CD571259-3FDE-4B5E-B0A7-F87388583326}"
EndProject
Project("{2150E333-8FDC-42A3-9474-1A3956D46DE8}") = "Solution Items", "Solution Items", "{0A541A11-C497-425D-9DA1-E81757B2CDEF}"
	ProjectSection(SolutionItems) = preProject
		.github\workflows\FloatingGlucose.yaml = .github\workflows\FloatingGlucose.yaml
	EndProjectSection
EndProject
Global
	GlobalSection(SolutionConfigurationPlatforms) = preSolution
		Debug|Any CPU = Debug|Any CPU
		Debug+nosign|Any CPU = Debug+nosign|Any CPU
		Release|Any CPU = Release|Any CPU
		Release+nosign|Any CPU = Release+nosign|Any CPU
	EndGlobalSection
	GlobalSection(ProjectConfigurationPlatforms) = postSolution
		{8D044F87-547D-4E76-8A67-3225DB984C63}.Debug|Any CPU.ActiveCfg = Debug|Any CPU
		{8D044F87-547D-4E76-8A67-3225DB984C63}.Debug|Any CPU.Build.0 = Debug|Any CPU
		{8D044F87-547D-4E76-8A67-3225DB984C63}.Debug+nosign|Any CPU.ActiveCfg = Debug+nosign|Any CPU
		{8D044F87-547D-4E76-8A67-3225DB984C63}.Debug+nosign|Any CPU.Build.0 = Debug+nosign|Any CPU
		{8D044F87-547D-4E76-8A67-3225DB984C63}.Release|Any CPU.ActiveCfg = Release|Any CPU
		{8D044F87-547D-4E76-8A67-3225DB984C63}.Release|Any CPU.Build.0 = Release|Any CPU
		{8D044F87-547D-4E76-8A67-3225DB984C63}.Release+nosign|Any CPU.ActiveCfg = Release+nosign|Any CPU
		{8D044F87-547D-4E76-8A67-3225DB984C63}.Release+nosign|Any CPU.Build.0 = Release+nosign|Any CPU
		{2AD02968-E7EA-4989-8BD8-FAD6A31C0072}.Debug|Any CPU.ActiveCfg = Debug|Any CPU
		{2AD02968-E7EA-4989-8BD8-FAD6A31C0072}.Debug|Any CPU.Build.0 = Debug|Any CPU
		{2AD02968-E7EA-4989-8BD8-FAD6A31C0072}.Debug+nosign|Any CPU.ActiveCfg = Debug|Any CPU
		{2AD02968-E7EA-4989-8BD8-FAD6A31C0072}.Debug+nosign|Any CPU.Build.0 = Debug|Any CPU
		{2AD02968-E7EA-4989-8BD8-FAD6A31C0072}.Release|Any CPU.ActiveCfg = Release|Any CPU
		{2AD02968-E7EA-4989-8BD8-FAD6A31C0072}.Release|Any CPU.Build.0 = Release|Any CPU
		{2AD02968-E7EA-4989-8BD8-FAD6A31C0072}.Release+nosign|Any CPU.ActiveCfg = Release|Any CPU
		{2AD02968-E7EA-4989-8BD8-FAD6A31C0072}.Release+nosign|Any CPU.Build.0 = Release|Any CPU
		{CD571259-3FDE-4B5E-B0A7-F87388583326}.Debug|Any CPU.ActiveCfg = Debug|Any CPU
		{CD571259-3FDE-4B5E-B0A7-F87388583326}.Debug|Any CPU.Build.0 = Debug|Any CPU
		{CD571259-3FDE-4B5E-B0A7-F87388583326}.Debug+nosign|Any CPU.ActiveCfg = Debug|Any CPU
		{CD571259-3FDE-4B5E-B0A7-F87388583326}.Debug+nosign|Any CPU.Build.0 = Debug|Any CPU
		{CD571259-3FDE-4B5E-B0A7-F87388583326}.Release|Any CPU.ActiveCfg = Release|Any CPU
		{CD571259-3FDE-4B5E-B0A7-F87388583326}.Release|Any CPU.Build.0 = Release|Any CPU
		{CD571259-3FDE-4B5E-B0A7-F87388583326}.Release+nosign|Any CPU.ActiveCfg = Release|Any CPU
		{CD571259-3FDE-4B5E-B0A7-F87388583326}.Release+nosign|Any CPU.Build.0 = Release|Any CPU
	EndGlobalSection
	GlobalSection(SolutionProperties) = preSolution
		HideSolutionNode = FALSE
	EndGlobalSection
	GlobalSection(ExtensibilityGlobals) = postSolution
		SolutionGuid = {343C9185-4732-4FB7-B2B6-DA4C0640083F}
	EndGlobalSection
EndGlobal
